{
  "name": "node-day01",
  "version": "1.0.0",
  "lockfileVersion": 2,
  "requires": true,
  "packages": {
    "": {
      "name": "node-day01",
      "version": "1.0.0",
      "license": "ISC",
      "dependencies": {
        "monode": "^3.0.1"
      },
      "devDependencies": {
        "validator": "^13.7.0"
      }
    },
    "node_modules/binpack": {
      "version": "0.1.0",
      "resolved": "https://registry.npmjs.org/binpack/-/binpack-0.1.0.tgz",
      "integrity": "sha512-KcSrsGiIKgklTWweVb9XnZPWO1/rGSsK3fwR7VnbDPbLKPlkvSKd/ZrJ1W712r6HzH5u0fa/AZCftATO09x8Aw=="
    },
    "node_modules/coffee-script": {
      "version": "1.3.0",
      "resolved": "https://registry.npmjs.org/coffee-script/-/coffee-script-1.3.0.tgz",
      "integrity": "sha512-cQMl9+Eqja02GTQSr+HxG6/S0aa0QFbGxMy6y0OiE9C6S1gN1VH3EeAoaIKWUDuBk9L654RoFgQTfE5EbdA/Uw==",
      "deprecated": "CoffeeScript on NPM has moved to \"coffeescript\" (no hyphen)",
      "bin": {
        "cake": "bin/cake",
        "coffee": "bin/coffee"
      },
      "engines": {
        "node": ">=0.4.0"
      }
    },
    "node_modules/jspack": {
      "version": "0.0.1",
      "resolved": "https://registry.npmjs.org/jspack/-/jspack-0.0.1.tgz",
      "integrity": "sha512-1uWMUzSzJOwmEwIQIvaUHYtwQ7eC9Cmq2c//pT2A/N5BGCRySX8eNGtxJShhE/p81Z2258GUiCduVhBvPR8kow==",
      "engines": {
        "node": "*"
      }
    },
    "node_modules/monode": {
      "version": "3.0.1",
      "resolved": "https://registry.npmjs.org/monode/-/monode-3.0.1.tgz",
      "integrity": "sha512-cxA61dHsQVJjFCOOGSvZMxjwy8/iF57bNPfL2pml5E5HNqsfvl38Z1H5kHkKC/SJS+gCcYcJNnhUA5WzA7gyeQ==",
      "dependencies": {
        "node-osc": "0.2.1"
      },
      "engines": {
        "node": ">= 0.8.0"
      }
    },
    "node_modules/node-osc": {
      "version": "0.2.1",
      "resolved": "https://registry.npmjs.org/node-osc/-/node-osc-0.2.1.tgz",
      "integrity": "sha512-lof9Cy2G3L8ii2anP1vOqYDAMuR5ZJbrHhkwNBjva4syH8bu1pX30+6rdJQvLnHu0pZOytT+H7WdtiMTQNF1gA==",
      "dependencies": {
        "jspack": "0.0.1",
        "osc-min": "0.0.5"
      }
    },
    "node_modules/osc-min": {
      "version": "0.0.5",
      "resolved": "https://registry.npmjs.org/osc-min/-/osc-min-0.0.5.tgz",
      "integrity": "sha512-OB7p8lmbozqgeFhhvE0m4bLwVJs4Y2Kc5Ezo8m2Pg2Zij8fKxHuWWwCOrrgKrQhNGIicFh/w3NgN7g4+wo9scw==",
      "dependencies": {
        "binpack": "*",
        "coffee-script": "1.3.0"
      },
      "engines": {
        "node": ">=0.6.0"
      }
    },
    "node_modules/validator": {
      "version": "13.7.0",
      "resolved": "https://registry.npmjs.org/validator/-/validator-13.7.0.tgz",
      "integrity": "sha512-nYXQLCBkpJ8X6ltALua9dRrZDHVYxjJ1wgskNt1lH9fzGjs3tgojGSCBjmEPwkWS1y29+DrizMTW19Pr9uB2nw==",
      "dev": true,
      "engines": {
        "node": ">= 0.10"
      }
    }
  },
  "dependencies": {
    "binpack": {
      "version": "0.1.0",
      "resolved": "https://registry.npmjs.org/binpack/-/binpack-0.1.0.tgz",
      "integrity": "sha512-KcSrsGiIKgklTWweVb9XnZPWO1/rGSsK3fwR7VnbDPbLKPlkvSKd/ZrJ1W712r6HzH5u0fa/AZCftATO09x8Aw=="
    },
    "coffee-script": {
      "version": "1.3.0",
      "resolved": "https://registry.npmjs.org/coffee-script/-/coffee-script-1.3.0.tgz",
      "integrity": "sha512-cQMl9+Eqja02GTQSr+HxG6/S0aa0QFbGxMy6y0OiE9C6S1gN1VH3EeAoaIKWUDuBk9L654RoFgQTfE5EbdA/Uw=="
    },
    "jspack": {
      "version": "0.0.1",
      "resolved": "https://registry.npmjs.org/jspack/-/jspack-0.0.1.tgz",
      "integrity": "sha512-1uWMUzSzJOwmEwIQIvaUHYtwQ7eC9Cmq2c//pT2A/N5BGCRySX8eNGtxJShhE/p81Z2258GUiCduVhBvPR8kow=="
    },
    "monode": {
      "version": "3.0.1",
      "resolved": "https://registry.npmjs.org/monode/-/monode-3.0.1.tgz",
      "integrity": "sha512-cxA61dHsQVJjFCOOGSvZMxjwy8/iF57bNPfL2pml5E5HNqsfvl38Z1H5kHkKC/SJS+gCcYcJNnhUA5WzA7gyeQ==",
      "requires": {
        "node-osc": "0.2.1"
      }
    },
    "node-osc": {
      "version": "0.2.1",
      "resolved": "https://registry.npmjs.org/node-osc/-/node-osc-0.2.1.tgz",
      "integrity": "sha512-lof9Cy2G3L8ii2anP1vOqYDAMuR5ZJbrHhkwNBjva4syH8bu1pX30+6rdJQvLnHu0pZOytT+H7WdtiMTQNF1gA==",
      "requires": {
        "jspack": "0.0.1",
        "osc-min": "0.0.5"
      }
    },
    "osc-min": {
      "version": "0.0.5",
      "resolved": "https://registry.npmjs.org/osc-min/-/osc-min-0.0.5.tgz",
      "integrity": "sha512-OB7p8lmbozqgeFhhvE0m4bLwVJs4Y2Kc5Ezo8m2Pg2Zij8fKxHuWWwCOrrgKrQhNGIicFh/w3NgN7g4+wo9scw==",
      "requires": {
        "binpack": "*",
        "coffee-script": "1.3.0"
      }
    },
    "validator": {
      "version": "13.7.0",
      "resolved": "https://registry.npmjs.org/validator/-/validator-13.7.0.tgz",
      "integrity": "sha512-nYXQLCBkpJ8X6ltALua9dRrZDHVYxjJ1wgskNt1lH9fzGjs3tgojGSCBjmEPwkWS1y29+DrizMTW19Pr9uB2nw==",
      "dev": true
    }
  }
}
